
Microsoft Visual Studio Solution File, Format Version 12.00
# Visual Studio Version 16
VisualStudioVersion = 16.0.31205.134
MinimumVisualStudioVersion = 10.0.40219.1
Project("{FAE04EC0-301F-11D3-BF4B-00C04F79EFBC}") = "Fitnes.BL", "Fitnes.BL\Fitnes.BL.csproj", "{641E3376-3098-4C1A-8E38-68F93D74D764}"
EndProject
Project("{FAE04EC0-301F-11D3-BF4B-00C04F79EFBC}") = "Fitnes.CMD", "Fitnes.CMD\Fitnes.CMD.csproj", "{F58F0557-E0D8-453F-AAC3-9F4E51FE5CA8}"
EndProject
Project("{FAE04EC0-301F-11D3-BF4B-00C04F79EFBC}") = "FitnesModTest", "FitnesModTest\FitnesModTest.csproj", "{00A4D0FF-4A88-4F35-83DF-F5AD4CD05966}"
EndProject
Global
	GlobalSection(SolutionConfigurationPlatforms) = preSolution
		Debug|Any CPU = Debug|Any CPU
		Release|Any CPU = Release|Any CPU
	EndGlobalSection
	GlobalSection(ProjectConfigurationPlatforms) = postSolution
		{641E3376-3098-4C1A-8E38-68F93D74D764}.Debug|Any CPU.ActiveCfg = Debug|Any CPU
		{641E3376-3098-4C1A-8E38-68F93D74D764}.Debug|Any CPU.Build.0 = Debug|Any CPU
		{641E3376-3098-4C1A-8E38-68F93D74D764}.Release|Any CPU.ActiveCfg = Release|Any CPU
		{641E3376-3098-4C1A-8E38-68F93D74D764}.Release|Any CPU.Build.0 = Release|Any CPU
		{F58F0557-E0D8-453F-AAC3-9F4E51FE5CA8}.Debug|Any CPU.ActiveCfg = Debug|Any CPU
		{F58F0557-E0D8-453F-AAC3-9F4E51FE5CA8}.Debug|Any CPU.Build.0 = Debug|Any CPU
		{F58F0557-E0D8-453F-AAC3-9F4E51FE5CA8}.Release|Any CPU.ActiveCfg = Release|Any CPU
		{F58F0557-E0D8-453F-AAC3-9F4E51FE5CA8}.Release|Any CPU.Build.0 = Release|Any CPU
		{00A4D0FF-4A88-4F35-83DF-F5AD4CD05966}.Debug|Any CPU.ActiveCfg = Debug|Any CPU
		{00A4D0FF-4A88-4F35-83DF-F5AD4CD05966}.Debug|Any CPU.Build.0 = Debug|Any CPU
		{00A4D0FF-4A88-4F35-83DF-F5AD4CD05966}.Release|Any CPU.ActiveCfg = Release|Any CPU
		{00A4D0FF-4A88-4F35-83DF-F5AD4CD05966}.Release|Any CPU.Build.0 = Release|Any CPU
	EndGlobalSection
	GlobalSection(SolutionProperties) = preSolution
		HideSolutionNode = FALSE
	EndGlobalSection
	GlobalSection(ExtensibilityGlobals) = postSolution
		SolutionGuid = {B0F74520-AA30-4801-A57B-16B75814A24A}
	EndGlobalSection
EndGlobal
